// !$*UTF8*$!
{
	archiveVersion = 1;
	classes = {
	};
	objectVersion = 50;
	objects = {

/* Begin PBXBuildFile section */
		503AC11125BA8B91008AEC99 /* AppDelegate.swift in Sources */ = {isa = PBXBuildFile; fileRef = 503AC11025BA8B91008AEC99 /* AppDelegate.swift */; };
		503AC11325BA8B91008AEC99 /* SceneDelegate.swift in Sources */ = {isa = PBXBuildFile; fileRef = 503AC11225BA8B91008AEC99 /* SceneDelegate.swift */; };
		503AC11525BA8B91008AEC99 /* ViewController.swift in Sources */ = {isa = PBXBuildFile; fileRef = 503AC11425BA8B91008AEC99 /* ViewController.swift */; };
		503AC11825BA8B91008AEC99 /* Main.storyboard in Resources */ = {isa = PBXBuildFile; fileRef = 503AC11625BA8B91008AEC99 /* Main.storyboard */; };
		503AC11A25BA8B92008AEC99 /* Assets.xcassets in Resources */ = {isa = PBXBuildFile; fileRef = 503AC11925BA8B92008AEC99 /* Assets.xcassets */; };
		503AC11D25BA8B92008AEC99 /* LaunchScreen.storyboard in Resources */ = {isa = PBXBuildFile; fileRef = 503AC11B25BA8B92008AEC99 /* LaunchScreen.storyboard */; };
		503AC12825BA8B92008AEC99 /* textfieldTests.swift in Sources */ = {isa = PBXBuildFile; fileRef = 503AC12725BA8B92008AEC99 /* textfieldTests.swift */; };
		503AC13325BA8B92008AEC99 /* textfieldUITests.swift in Sources */ = {isa = PBXBuildFile; fileRef = 503AC13225BA8B92008AEC99 /* textfieldUITests.swift */; };
		503AC14525BA8EB6008AEC99 /* Details.swift in Sources */ = {isa = PBXBuildFile; fileRef = 503AC14325BA8EB6008AEC99 /* Details.swift */; };
		503AC14625BA8EB6008AEC99 /* Details.xib in Resources */ = {isa = PBXBuildFile; fileRef = 503AC14425BA8EB6008AEC99 /* Details.xib */; };
		58EA1F79DFFA97FF7CA083DA /* Pods_textfield.framework in Frameworks */ = {isa = PBXBuildFile; fileRef = 22F5DD0B45A7210CAB73CE1C /* Pods_textfield.framework */; };
		A7DEA3F64AB27B7091A627C0 /* Pods_textfieldTests.framework in Frameworks */ = {isa = PBXBuildFile; fileRef = 0FEDE3EFAC87C332A63D3B4E /* Pods_textfieldTests.framework */; };
		B828A1A5B6505A38343D9638 /* Pods_textfield_textfieldUITests.framework in Frameworks */ = {isa = PBXBuildFile; fileRef = 4F0C2F6E7CA815E5D94D34C4 /* Pods_textfield_textfieldUITests.framework */; };
/* End PBXBuildFile section */

/* Begin PBXContainerItemProxy section */
		503AC12425BA8B92008AEC99 /* PBXContainerItemProxy */ = {
			isa = PBXContainerItemProxy;
			containerPortal = 503AC10525BA8B90008AEC99 /* Project object */;
			proxyType = 1;
			remoteGlobalIDString = 503AC10C25BA8B90008AEC99;
			remoteInfo = textfield;
		};
		503AC12F25BA8B92008AEC99 /* PBXContainerItemProxy */ = {
			isa = PBXContainerItemProxy;
			containerPortal = 503AC10525BA8B90008AEC99 /* Project object */;
			proxyType = 1;
			remoteGlobalIDString = 503AC10C25BA8B90008AEC99;
			remoteInfo = textfield;
		};
/* End PBXContainerItemProxy section */

/* Begin PBXFileReference section */
		0CBC6785B1B40697B72E2CDD /* Pods-textfield.release.xcconfig */ = {isa = PBXFileReference; includeInIndex = 1; lastKnownFileType = text.xcconfig; name = "Pods-textfield.release.xcconfig"; path = "Target Support Files/Pods-textfield/Pods-textfield.release.xcconfig"; sourceTree = "<group>"; };
		0FEDE3EFAC87C332A63D3B4E /* Pods_textfieldTests.framework */ = {isa = PBXFileReference; explicitFileType = wrapper.framework; includeInIndex = 0; path = Pods_textfieldTests.framework; sourceTree = BUILT_PRODUCTS_DIR; };
		20F16569C95687DC42E52645 /* Pods-textfield.debug.xcconfig */ = {isa = PBXFileReference; includeInIndex = 1; lastKnownFileType = text.xcconfig; name = "Pods-textfield.debug.xcconfig"; path = "Target Support Files/Pods-textfield/Pods-textfield.debug.xcconfig"; sourceTree = "<group>"; };
		22F5DD0B45A7210CAB73CE1C /* Pods_textfield.framework */ = {isa = PBXFileReference; explicitFileType = wrapper.framework; includeInIndex = 0; path = Pods_textfield.framework; sourceTree = BUILT_PRODUCTS_DIR; };
		4A1E5BC544D3D6CFB295294D /* Pods-textfield-textfieldUITests.debug.xcconfig */ = {isa = PBXFileReference; includeInIndex = 1; lastKnownFileType = text.xcconfig; name = "Pods-textfield-textfieldUITests.debug.xcconfig"; path = "Target Support Files/Pods-textfield-textfieldUITests/Pods-textfield-textfieldUITests.debug.xcconfig"; sourceTree = "<group>"; };
		4F0C2F6E7CA815E5D94D34C4 /* Pods_textfield_textfieldUITests.framework */ = {isa = PBXFileReference; explicitFileType = wrapper.framework; includeInIndex = 0; path = Pods_textfield_textfieldUITests.framework; sourceTree = BUILT_PRODUCTS_DIR; };
		503AC10D25BA8B91008AEC99 /* textfield.app */ = {isa = PBXFileReference; explicitFileType = wrapper.application; includeInIndex = 0; path = textfield.app; sourceTree = BUILT_PRODUCTS_DIR; };
		503AC11025BA8B91008AEC99 /* AppDelegate.swift */ = {isa = PBXFileReference; lastKnownFileType = sourcecode.swift; path = AppDelegate.swift; sourceTree = "<group>"; };
		503AC11225BA8B91008AEC99 /* SceneDelegate.swift */ = {isa = PBXFileReference; lastKnownFileType = sourcecode.swift; path = SceneDelegate.swift; sourceTree = "<group>"; };
		503AC11425BA8B91008AEC99 /* ViewController.swift */ = {isa = PBXFileReference; lastKnownFileType = sourcecode.swift; path = ViewController.swift; sourceTree = "<group>"; };
		503AC11725BA8B91008AEC99 /* Base */ = {isa = PBXFileReference; lastKnownFileType = file.storyboard; name = Base; path = Base.lproj/Main.storyboard; sourceTree = "<group>"; };
		503AC11925BA8B92008AEC99 /* Assets.xcassets */ = {isa = PBXFileReference; lastKnownFileType = folder.assetcatalog; path = Assets.xcassets; sourceTree = "<group>"; };
		503AC11C25BA8B92008AEC99 /* Base */ = {isa = PBXFileReference; lastKnownFileType = file.storyboard; name = Base; path = Base.lproj/LaunchScreen.storyboard; sourceTree = "<group>"; };
		503AC11E25BA8B92008AEC99 /* Info.plist */ = {isa = PBXFileReference; lastKnownFileType = text.plist.xml; path = Info.plist; sourceTree = "<group>"; };
		503AC12325BA8B92008AEC99 /* textfieldTests.xctest */ = {isa = PBXFileReference; explicitFileType = wrapper.cfbundle; includeInIndex = 0; path = textfieldTests.xctest; sourceTree = BUILT_PRODUCTS_DIR; };
		503AC12725BA8B92008AEC99 /* textfieldTests.swift */ = {isa = PBXFileReference; lastKnownFileType = sourcecode.swift; path = textfieldTests.swift; sourceTree = "<group>"; };
		503AC12925BA8B92008AEC99 /* Info.plist */ = {isa = PBXFileReference; lastKnownFileType = text.plist.xml; path = Info.plist; sourceTree = "<group>"; };
		503AC12E25BA8B92008AEC99 /* textfieldUITests.xctest */ = {isa = PBXFileReference; explicitFileType = wrapper.cfbundle; includeInIndex = 0; path = textfieldUITests.xctest; sourceTree = BUILT_PRODUCTS_DIR; };
		503AC13225BA8B92008AEC99 /* textfieldUITests.swift */ = {isa = PBXFileReference; lastKnownFileType = sourcecode.swift; path = textfieldUITests.swift; sourceTree = "<group>"; };
		503AC13425BA8B92008AEC99 /* Info.plist */ = {isa = PBXFileReference; lastKnownFileType = text.plist.xml; path = Info.plist; sourceTree = "<group>"; };
		503AC14325BA8EB6008AEC99 /* Details.swift */ = {isa = PBXFileReference; lastKnownFileType = sourcecode.swift; path = Details.swift; sourceTree = "<group>"; };
		503AC14425BA8EB6008AEC99 /* Details.xib */ = {isa = PBXFileReference; lastKnownFileType = file.xib; path = Details.xib; sourceTree = "<group>"; };
		5F54B1517621573237795D8E /* Pods-textfield-textfieldUITests.release.xcconfig */ = {isa = PBXFileReference; includeInIndex = 1; lastKnownFileType = text.xcconfig; name = "Pods-textfield-textfieldUITests.release.xcconfig"; path = "Target Support Files/Pods-textfield-textfieldUITests/Pods-textfield-textfieldUITests.release.xcconfig"; sourceTree = "<group>"; };
		8157037BEA08ACB73CE75411 /* Pods-textfieldTests.debug.xcconfig */ = {isa = PBXFileReference; includeInIndex = 1; lastKnownFileType = text.xcconfig; name = "Pods-textfieldTests.debug.xcconfig"; path = "Target Support Files/Pods-textfieldTests/Pods-textfieldTests.debug.xcconfig"; sourceTree = "<group>"; };
		9BCD1F35F4C2271C798133D4 /* Pods-textfieldTests.release.xcconfig */ = {isa = PBXFileReference; includeInIndex = 1; lastKnownFileType = text.xcconfig; name = "Pods-textfieldTests.release.xcconfig"; path = "Target Support Files/Pods-textfieldTests/Pods-textfieldTests.release.xcconfig"; sourceTree = "<group>"; };
/* End PBXFileReference section */

/* Begin PBXFrameworksBuildPhase section */
		503AC10A25BA8B90008AEC99 /* Frameworks */ = {
			isa = PBXFrameworksBuildPhase;
			buildActionMask = 2147483647;
			files = (
				58EA1F79DFFA97FF7CA083DA /* Pods_textfield.framework in Frameworks */,
			);
			runOnlyForDeploymentPostprocessing = 0;
		};
		503AC12025BA8B92008AEC99 /* Frameworks */ = {
			isa = PBXFrameworksBuildPhase;
			buildActionMask = 2147483647;
			files = (
				A7DEA3F64AB27B7091A627C0 /* Pods_textfieldTests.framework in Frameworks */,
			);
			runOnlyForDeploymentPostprocessing = 0;
		};
		503AC12B25BA8B92008AEC99 /* Frameworks */ = {
			isa = PBXFrameworksBuildPhase;
			buildActionMask = 2147483647;
			files = (
				B828A1A5B6505A38343D9638 /* Pods_textfield_textfieldUITests.framework in Frameworks */,
			);
			runOnlyForDeploymentPostprocessing = 0;
		};
/* End PBXFrameworksBuildPhase section */

/* Begin PBXGroup section */
		503AC10425BA8B90008AEC99 = {
			isa = PBXGroup;
			children = (
				503AC10F25BA8B91008AEC99 /* textfield */,
				503AC12625BA8B92008AEC99 /* textfieldTests */,
				503AC13125BA8B92008AEC99 /* textfieldUITests */,
				503AC10E25BA8B91008AEC99 /* Products */,
				73BA694F42956633027457D9 /* Pods */,
				713F17399498BDD4D5C7387F /* Frameworks */,
			);
			sourceTree = "<group>";
		};
		503AC10E25BA8B91008AEC99 /* Products */ = {
			isa = PBXGroup;
			children = (
				503AC10D25BA8B91008AEC99 /* textfield.app */,
				503AC12325BA8B92008AEC99 /* textfieldTests.xctest */,
				503AC12E25BA8B92008AEC99 /* textfieldUITests.xctest */,
			);
			name = Products;
			sourceTree = "<group>";
		};
		503AC10F25BA8B91008AEC99 /* textfield */ = {
			isa = PBXGroup;
			children = (
				503AC11025BA8B91008AEC99 /* AppDelegate.swift */,
				503AC11225BA8B91008AEC99 /* SceneDelegate.swift */,
				503AC11425BA8B91008AEC99 /* ViewController.swift */,
				503AC11625BA8B91008AEC99 /* Main.storyboard */,
				503AC11925BA8B92008AEC99 /* Assets.xcassets */,
				503AC11B25BA8B92008AEC99 /* LaunchScreen.storyboard */,
				503AC11E25BA8B92008AEC99 /* Info.plist */,
				503AC14325BA8EB6008AEC99 /* Details.swift */,
				503AC14425BA8EB6008AEC99 /* Details.xib */,
			);
			path = textfield;
			sourceTree = "<group>";
		};
		503AC12625BA8B92008AEC99 /* textfieldTests */ = {
			isa = PBXGroup;
			children = (
				503AC12725BA8B92008AEC99 /* textfieldTests.swift */,
				503AC12925BA8B92008AEC99 /* Info.plist */,
			);
			path = textfieldTests;
			sourceTree = "<group>";
		};
		503AC13125BA8B92008AEC99 /* textfieldUITests */ = {
			isa = PBXGroup;
			children = (
				503AC13225BA8B92008AEC99 /* textfieldUITests.swift */,
				503AC13425BA8B92008AEC99 /* Info.plist */,
			);
			path = textfieldUITests;
			sourceTree = "<group>";
		};
		713F17399498BDD4D5C7387F /* Frameworks */ = {
			isa = PBXGroup;
			children = (
				22F5DD0B45A7210CAB73CE1C /* Pods_textfield.framework */,
				4F0C2F6E7CA815E5D94D34C4 /* Pods_textfield_textfieldUITests.framework */,
				0FEDE3EFAC87C332A63D3B4E /* Pods_textfieldTests.framework */,
			);
			name = Frameworks;
			sourceTree = "<group>";
		};
		73BA694F42956633027457D9 /* Pods */ = {
			isa = PBXGroup;
			children = (
				20F16569C95687DC42E52645 /* Pods-textfield.debug.xcconfig */,
				0CBC6785B1B40697B72E2CDD /* Pods-textfield.release.xcconfig */,
				4A1E5BC544D3D6CFB295294D /* Pods-textfield-textfieldUITests.debug.xcconfig */,
				5F54B1517621573237795D8E /* Pods-textfield-textfieldUITests.release.xcconfig */,
				8157037BEA08ACB73CE75411 /* Pods-textfieldTests.debug.xcconfig */,
				9BCD1F35F4C2271C798133D4 /* Pods-textfieldTests.release.xcconfig */,
			);
			name = Pods;
			path = Pods;
			sourceTree = "<group>";
		};
/* End PBXGroup section */

/* Begin PBXNativeTarget section */
		503AC10C25BA8B90008AEC99 /* textfield */ = {
			isa = PBXNativeTarget;
			buildConfigurationList = 503AC13725BA8B92008AEC99 /* Build configuration list for PBXNativeTarget "textfield" */;
			buildPhases = (
				D07EBEA216E9A4A0AFA3A12B /* [CP] Check Pods Manifest.lock */,
				503AC10925BA8B90008AEC99 /* Sources */,
				503AC10A25BA8B90008AEC99 /* Frameworks */,
				503AC10B25BA8B90008AEC99 /* Resources */,
				A4630618E595BE35F19072AB /* [CP] Embed Pods Frameworks */,
			);
			buildRules = (
			);
			dependencies = (
			);
			name = textfield;
			productName = textfield;
			productReference = 503AC10D25BA8B91008AEC99 /* textfield.app */;
			productType = "com.apple.product-type.application";
		};
		503AC12225BA8B92008AEC99 /* textfieldTests */ = {
			isa = PBXNativeTarget;
			buildConfigurationList = 503AC13A25BA8B92008AEC99 /* Build configuration list for PBXNativeTarget "textfieldTests" */;
			buildPhases = (
				D12B3F493035468602464A9B /* [CP] Check Pods Manifest.lock */,
				503AC11F25BA8B92008AEC99 /* Sources */,
				503AC12025BA8B92008AEC99 /* Frameworks */,
				503AC12125BA8B92008AEC99 /* Resources */,
			);
			buildRules = (
			);
			dependencies = (
				503AC12525BA8B92008AEC99 /* PBXTargetDependency */,
			);
			name = textfieldTests;
			productName = textfieldTests;
			productReference = 503AC12325BA8B92008AEC99 /* textfieldTests.xctest */;
			productType = "com.apple.product-type.bundle.unit-test";
		};
		503AC12D25BA8B92008AEC99 /* textfieldUITests */ = {
			isa = PBXNativeTarget;
			buildConfigurationList = 503AC13D25BA8B92008AEC99 /* Build configuration list for PBXNativeTarget "textfieldUITests" */;
			buildPhases = (
				C9222538A40358E2739E63E4 /* [CP] Check Pods Manifest.lock */,
				503AC12A25BA8B92008AEC99 /* Sources */,
				503AC12B25BA8B92008AEC99 /* Frameworks */,
				503AC12C25BA8B92008AEC99 /* Resources */,
				204CE5AA84BC54007FDB6D48 /* [CP] Embed Pods Frameworks */,
			);
			buildRules = (
			);
			dependencies = (
				503AC13025BA8B92008AEC99 /* PBXTargetDependency */,
			);
			name = textfieldUITests;
			productName = textfieldUITests;
			productReference = 503AC12E25BA8B92008AEC99 /* textfieldUITests.xctest */;
			productType = "com.apple.product-type.bundle.ui-testing";
		};
/* End PBXNativeTarget section */

/* Begin PBXProject section */
		503AC10525BA8B90008AEC99 /* Project object */ = {
			isa = PBXProject;
			attributes = {
				LastSwiftUpdateCheck = 1200;
				LastUpgradeCheck = 1200;
				TargetAttributes = {
					503AC10C25BA8B90008AEC99 = {
						CreatedOnToolsVersion = 12.0;
					};
					503AC12225BA8B92008AEC99 = {
						CreatedOnToolsVersion = 12.0;
						TestTargetID = 503AC10C25BA8B90008AEC99;
					};
					503AC12D25BA8B92008AEC99 = {
						CreatedOnToolsVersion = 12.0;
						TestTargetID = 503AC10C25BA8B90008AEC99;
					};
				};
			};
			buildConfigurationList = 503AC10825BA8B90008AEC99 /* Build configuration list for PBXProject "textfield" */;
			compatibilityVersion = "Xcode 9.3";
			developmentRegion = en;
			hasScannedForEncodings = 0;
			knownRegions = (
				en,
				Base,
			);
			mainGroup = 503AC10425BA8B90008AEC99;
			productRefGroup = 503AC10E25BA8B91008AEC99 /* Products */;
			projectDirPath = "";
			projectRoot = "";
			targets = (
				503AC10C25BA8B90008AEC99 /* textfield */,
				503AC12225BA8B92008AEC99 /* textfieldTests */,
				503AC12D25BA8B92008AEC99 /* textfieldUITests */,
			);
		};
/* End PBXProject section */

/* Begin PBXResourcesBuildPhase section */
		503AC10B25BA8B90008AEC99 /* Resources */ = {
			isa = PBXResourcesBuildPhase;
			buildActionMask = 2147483647;
			files = (
				503AC11D25BA8B92008AEC99 /* LaunchScreen.storyboard in Resources */,
				503AC11A25BA8B92008AEC99 /* Assets.xcassets in Resources */,
				503AC14625BA8EB6008AEC99 /* Details.xib in Resources */,
				503AC11825BA8B91008AEC99 /* Main.storyboard in Resources */,
			);
			runOnlyForDeploymentPostprocessing = 0;
		};
		503AC12125BA8B92008AEC99 /* Resources */ = {
			isa = PBXResourcesBuildPhase;
			buildActionMask = 2147483647;
			files = (
			);
			runOnlyForDeploymentPostprocessing = 0;
		};
		503AC12C25BA8B92008AEC99 /* Resources */ = {
			isa = PBXResourcesBuildPhase;
			buildActionMask = 2147483647;
			files = (
			);
			runOnlyForDeploymentPostprocessing = 0;
		};
/* End PBXResourcesBuildPhase section */

/* Begin PBXShellScriptBuildPhase section */
		204CE5AA84BC54007FDB6D48 /* [CP] Embed Pods Frameworks */ = {
			isa = PBXShellScriptBuildPhase;
			buildActionMask = 2147483647;
			files = (
			);
			inputFileListPaths = (
				"${PODS_ROOT}/Target Support Files/Pods-textfield-textfieldUITests/Pods-textfield-textfieldUITests-frameworks-${CONFIGURATION}-input-files.xcfilelist",
			);
			name = "[CP] Embed Pods Frameworks";
			outputFileListPaths = (
				"${PODS_ROOT}/Target Support Files/Pods-textfield-textfieldUITests/Pods-textfield-textfieldUITests-frameworks-${CONFIGURATION}-output-files.xcfilelist",
			);
			runOnlyForDeploymentPostprocessing = 0;
			shellPath = /bin/sh;
			shellScript = "\"${PODS_ROOT}/Target Support Files/Pods-textfield-textfieldUITests/Pods-textfield-textfieldUITests-frameworks.sh\"\n";
			showEnvVarsInLog = 0;
		};
		A4630618E595BE35F19072AB /* [CP] Embed Pods Frameworks */ = {
			isa = PBXShellScriptBuildPhase;
			buildActionMask = 2147483647;
			files = (
			);
			inputFileListPaths = (
				"${PODS_ROOT}/Target Support Files/Pods-textfield/Pods-textfield-frameworks-${CONFIGURATION}-input-files.xcfilelist",
			);
			name = "[CP] Embed Pods Frameworks";
			outputFileListPaths = (
				"${PODS_ROOT}/Target Support Files/Pods-textfield/Pods-textfield-frameworks-${CONFIGURATION}-output-files.xcfilelist",
			);
			runOnlyForDeploymentPostprocessing = 0;
			shellPath = /bin/sh;
			shellScript = "\"${PODS_ROOT}/Target Support Files/Pods-textfield/Pods-textfield-frameworks.sh\"\n";
			showEnvVarsInLog = 0;
		};
		C9222538A40358E2739E63E4 /* [CP] Check Pods Manifest.lock */ = {
			isa = PBXShellScriptBuildPhase;
			buildActionMask = 2147483647;
			files = (
			);
			inputFileListPaths = (
			);
			inputPaths = (
				"${PODS_PODFILE_DIR_PATH}/Podfile.lock",
				"${PODS_ROOT}/Manifest.lock",
			);
			name = "[CP] Check Pods Manifest.lock";
			outputFileListPaths = (
			);
			outputPaths = (
				"$(DERIVED_FILE_DIR)/Pods-textfield-textfieldUITests-checkManifestLockResult.txt",
			);
			runOnlyForDeploymentPostprocessing = 0;
			shellPath = /bin/sh;
			shellScript = "diff \"${PODS_PODFILE_DIR_PATH}/Podfile.lock\" \"${PODS_ROOT}/Manifest.lock\" > /dev/null\nif [ $? != 0 ] ; then\n    # print error to STDERR\n    echo \"error: The sandbox is not in sync with the Podfile.lock. Run 'pod install' or update your CocoaPods installation.\" >&2\n    exit 1\nfi\n# This output is used by Xcode 'outputs' to avoid re-running this script phase.\necho \"SUCCESS\" > \"${SCRIPT_OUTPUT_FILE_0}\"\n";
			showEnvVarsInLog = 0;
		};
		D07EBEA216E9A4A0AFA3A12B /* [CP] Check Pods Manifest.lock */ = {
			isa = PBXShellScriptBuildPhase;
			buildActionMask = 2147483647;
			files = (
			);
			inputFileListPaths = (
			);
			inputPaths = (
				"${PODS_PODFILE_DIR_PATH}/Podfile.lock",
				"${PODS_ROOT}/Manifest.lock",
			);
			name = "[CP] Check Pods Manifest.lock";
			outputFileListPaths = (
			);
			outputPaths = (
				"$(DERIVED_FILE_DIR)/Pods-textfield-checkManifestLockResult.txt",
			);
			runOnlyForDeploymentPostprocessing = 0;
			shellPath = /bin/sh;
			shellScript = "diff \"${PODS_PODFILE_DIR_PATH}/Podfile.lock\" \"${PODS_ROOT}/Manifest.lock\" > /dev/null\nif [ $? != 0 ] ; then\n    # print error to STDERR\n    echo \"error: The sandbox is not in sync with the Podfile.lock. Run 'pod install' or update your CocoaPods installation.\" >&2\n    exit 1\nfi\n# This output is used by Xcode 'outputs' to avoid re-running this script phase.\necho \"SUCCESS\" > \"${SCRIPT_OUTPUT_FILE_0}\"\n";
			showEnvVarsInLog = 0;
		};
		D12B3F493035468602464A9B /* [CP] Check Pods Manifest.lock */ = {
			isa = PBXShellScriptBuildPhase;
			buildActionMask = 2147483647;
			files = (
			);
			inputFileListPaths = (
			);
			inputPaths = (
				"${PODS_PODFILE_DIR_PATH}/Podfile.lock",
				"${PODS_ROOT}/Manifest.lock",
			);
			name = "[CP] Check Pods Manifest.lock";
			outputFileListPaths = (
			);
			outputPaths = (
				"$(DERIVED_FILE_DIR)/Pods-textfieldTests-checkManifestLockResult.txt",
			);
			runOnlyForDeploymentPostprocessing = 0;
			shellPath = /bin/sh;
			shellScript = "diff \"${PODS_PODFILE_DIR_PATH}/Podfile.lock\" \"${PODS_ROOT}/Manifest.lock\" > /dev/null\nif [ $? != 0 ] ; then\n    # print error to STDERR\n    echo \"error: The sandbox is not in sync with the Podfile.lock. Run 'pod install' or update your CocoaPods installation.\" >&2\n    exit 1\nfi\n# This output is used by Xcode 'outputs' to avoid re-running this script phase.\necho \"SUCCESS\" > \"${SCRIPT_OUTPUT_FILE_0}\"\n";
			showEnvVarsInLog = 0;
		};
/* End PBXShellScriptBuildPhase section */

/* Begin PBXSourcesBuildPhase section */
		503AC10925BA8B90008AEC99 /* Sources */ = {
			isa = PBXSourcesBuildPhase;
			buildActionMask = 2147483647;
			files = (
				503AC11525BA8B91008AEC99 /* ViewController.swift in Sources */,
				503AC11125BA8B91008AEC99 /* AppDelegate.swift in Sources */,
				503AC14525BA8EB6008AEC99 /* Details.swift in Sources */,
				503AC11325BA8B91008AEC99 /* SceneDelegate.swift in Sources */,
			);
			runOnlyForDeploymentPostprocessing = 0;
		};
		503AC11F25BA8B92008AEC99 /* Sources */ = {
			isa = PBXSourcesBuildPhase;
			buildActionMask = 2147483647;
			files = (
				503AC12825BA8B92008AEC99 /* textfieldTests.swift in Sources */,
			);
			runOnlyForDeploymentPostprocessing = 0;
		};
		503AC12A25BA8B92008AEC99 /* Sources */ = {
			isa = PBXSourcesBuildPhase;
			buildActionMask = 2147483647;
			files = (
				503AC13325BA8B92008AEC99 /* textfieldUITests.swift in Sources */,
			);
			runOnlyForDeploymentPostprocessing = 0;
		};
/* End PBXSourcesBuildPhase section */

/* Begin PBXTargetDependency section */
		503AC12525BA8B92008AEC99 /* PBXTargetDependency */ = {
			isa = PBXTargetDependency;
			target = 503AC10C25BA8B90008AEC99 /* textfield */;
			targetProxy = 503AC12425BA8B92008AEC99 /* PBXContainerItemProxy */;
		};
		503AC13025BA8B92008AEC99 /* PBXTargetDependency */ = {
			isa = PBXTargetDependency;
			target = 503AC10C25BA8B90008AEC99 /* textfield */;
			targetProxy = 503AC12F25BA8B92008AEC99 /* PBXContainerItemProxy */;
		};
/* End PBXTargetDependency section */

/* Begin PBXVariantGroup section */
		503AC11625BA8B91008AEC99 /* Main.storyboard */ = {
			isa = PBXVariantGroup;
			children = (
				503AC11725BA8B91008AEC99 /* Base */,
			);
			name = Main.storyboard;
			sourceTree = "<group>";
		};
		503AC11B25BA8B92008AEC99 /* LaunchScreen.storyboard */ = {
			isa = PBXVariantGroup;
			children = (
				503AC11C25BA8B92008AEC99 /* Base */,
			);
			name = LaunchScreen.storyboard;
			sourceTree = "<group>";
		};
/* End PBXVariantGroup section */

/* Begin XCBuildConfiguration section */
		503AC13525BA8B92008AEC99 /* Debug */ = {
			isa = XCBuildConfiguration;
			buildSettings = {
				ALWAYS_SEARCH_USER_PATHS = NO;
				CLANG_ANALYZER_NONNULL = YES;
				CLANG_ANALYZER_NUMBER_OBJECT_CONVERSION = YES_AGGRESSIVE;
				CLANG_CXX_LANGUAGE_STANDARD = "gnu++14";
				CLANG_CXX_LIBRARY = "libc++";
				CLANG_ENABLE_MODULES = YES;
				CLANG_ENABLE_OBJC_ARC = YES;
				CLANG_ENABLE_OBJC_WEAK = YES;
				CLANG_WARN_BLOCK_CAPTURE_AUTORELEASING = YES;
				CLANG_WARN_BOOL_CONVERSION = YES;
				CLANG_WARN_COMMA = YES;
				CLANG_WARN_CONSTANT_CONVERSION = YES;
				CLANG_WARN_DEPRECATED_OBJC_IMPLEMENTATIONS = YES;
				CLANG_WARN_DIRECT_OBJC_ISA_USAGE = YES_ERROR;
				CLANG_WARN_DOCUMENTATION_COMMENTS = YES;
				CLANG_WARN_EMPTY_BODY = YES;
				CLANG_WARN_ENUM_CONVERSION = YES;
				CLANG_WARN_INFINITE_RECURSION = YES;
				CLANG_WARN_INT_CONVERSION = YES;
				CLANG_WARN_NON_LITERAL_NULL_CONVERSION = YES;
				CLANG_WARN_OBJC_IMPLICIT_RETAIN_SELF = YES;
				CLANG_WARN_OBJC_LITERAL_CONVERSION = YES;
				CLANG_WARN_OBJC_ROOT_CLASS = YES_ERROR;
				CLANG_WARN_QUOTED_INCLUDE_IN_FRAMEWORK_HEADER = YES;
				CLANG_WARN_RANGE_LOOP_ANALYSIS = YES;
				CLANG_WARN_STRICT_PROTOTYPES = YES;
				CLANG_WARN_SUSPICIOUS_MOVE = YES;
				CLANG_WARN_UNGUARDED_AVAILABILITY = YES_AGGRESSIVE;
				CLANG_WARN_UNREACHABLE_CODE = YES;
				CLANG_WARN__DUPLICATE_METHOD_MATCH = YES;
				COPY_PHASE_STRIP = NO;
				DEBUG_INFORMATION_FORMAT = dwarf;
				ENABLE_STRICT_OBJC_MSGSEND = YES;
				ENABLE_TESTABILITY = YES;
				GCC_C_LANGUAGE_STANDARD = gnu11;
				GCC_DYNAMIC_NO_PIC = NO;
				GCC_NO_COMMON_BLOCKS = YES;
				GCC_OPTIMIZATION_LEVEL = 0;
				GCC_PREPROCESSOR_DEFINITIONS = (
					"DEBUG=1",
					"$(inherited)",
				);
				GCC_WARN_64_TO_32_BIT_CONVERSION = YES;
				GCC_WARN_ABOUT_RETURN_TYPE = YES_ERROR;
				GCC_WARN_UNDECLARED_SELECTOR = YES;
				GCC_WARN_UNINITIALIZED_AUTOS = YES_AGGRESSIVE;
				GCC_WARN_UNUSED_FUNCTION = YES;
				GCC_WARN_UNUSED_VARIABLE = YES;
				IPHONEOS_DEPLOYMENT_TARGET = 14.0;
				MTL_ENABLE_DEBUG_INFO = INCLUDE_SOURCE;
				MTL_FAST_MATH = YES;
				ONLY_ACTIVE_ARCH = YES;
				SDKROOT = iphoneos;
				SWIFT_ACTIVE_COMPILATION_CONDITIONS = DEBUG;
				SWIFT_OPTIMIZATION_LEVEL = "-Onone";
			};
			name = Debug;
		};
		503AC13625BA8B92008AEC99 /* Release */ = {
			isa = XCBuildConfiguration;
			buildSettings = {
				ALWAYS_SEARCH_USER_PATHS = NO;
				CLANG_ANALYZER_NONNULL = YES;
				CLANG_ANALYZER_NUMBER_OBJECT_CONVERSION = YES_AGGRESSIVE;
				CLANG_CXX_LANGUAGE_STANDARD = "gnu++14";
				CLANG_CXX_LIBRARY = "libc++";
				CLANG_ENABLE_MODULES = YES;
				CLANG_ENABLE_OBJC_ARC = YES;
				CLANG_ENABLE_OBJC_WEAK = YES;
				CLANG_WARN_BLOCK_CAPTURE_AUTORELEASING = YES;
				CLANG_WARN_BOOL_CONVERSION = YES;
				CLANG_WARN_COMMA = YES;
				CLANG_WARN_CONSTANT_CONVERSION = YES;
				CLANG_WARN_DEPRECATED_OBJC_IMPLEMENTATIONS = YES;
				CLANG_WARN_DIRECT_OBJC_ISA_USAGE = YES_ERROR;
				CLANG_WARN_DOCUMENTATION_COMMENTS = YES;
				CLANG_WARN_EMPTY_BODY = YES;
				CLANG_WARN_ENUM_CONVERSION = YES;
				CLANG_WARN_INFINITE_RECURSION = YES;
				CLANG_WARN_INT_CONVERSION = YES;
				CLANG_WARN_NON_LITERAL_NULL_CONVERSION = YES;
				CLANG_WARN_OBJC_IMPLICIT_RETAIN_SELF = YES;
				CLANG_WARN_OBJC_LITERAL_CONVERSION = YES;
				CLANG_WARN_OBJC_ROOT_CLASS = YES_ERROR;
				CLANG_WARN_QUOTED_INCLUDE_IN_FRAMEWORK_HEADER = YES;
				CLANG_WARN_RANGE_LOOP_ANALYSIS = YES;
				CLANG_WARN_STRICT_PROTOTYPES = YES;
				CLANG_WARN_SUSPICIOUS_MOVE = YES;
				CLANG_WARN_UNGUARDED_AVAILABILITY = YES_AGGRESSIVE;
				CLANG_WARN_UNREACHABLE_CODE = YES;
				CLANG_WARN__DUPLICATE_METHOD_MATCH = YES;
				COPY_PHASE_STRIP = NO;
				DEBUG_INFORMATION_FORMAT = "dwarf-with-dsym";
				ENABLE_NS_ASSERTIONS = NO;
				ENABLE_STRICT_OBJC_MSGSEND = YES;
				GCC_C_LANGUAGE_STANDARD = gnu11;
				GCC_NO_COMMON_BLOCKS = YES;
				GCC_WARN_64_TO_32_BIT_CONVERSION = YES;
				GCC_WARN_ABOUT_RETURN_TYPE = YES_ERROR;
				GCC_WARN_UNDECLARED_SELECTOR = YES;
				GCC_WARN_UNINITIALIZED_AUTOS = YES_AGGRESSIVE;
				GCC_WARN_UNUSED_FUNCTION = YES;
				GCC_WARN_UNUSED_VARIABLE = YES;
				IPHONEOS_DEPLOYMENT_TARGET = 14.0;
				MTL_ENABLE_DEBUG_INFO = NO;
				MTL_FAST_MATH = YES;
				SDKROOT = iphoneos;
				SWIFT_COMPILATION_MODE = wholemodule;
				SWIFT_OPTIMIZATION_LEVEL = "-O";
				VALIDATE_PRODUCT = YES;
			};
			name = Release;
		};
		503AC13825BA8B92008AEC99 /* Debug */ = {
			isa = XCBuildConfiguration;
			baseConfigurationReference = 20F16569C95687DC42E52645 /* Pods-textfield.debug.xcconfig */;
			buildSettings = {
				ASSETCATALOG_COMPILER_APPICON_NAME = "AppIcon-1";
				ASSETCATALOG_COMPILER_GLOBAL_ACCENT_COLOR_NAME = AccentColor;
				CODE_SIGN_STYLE = Automatic;
				DEVELOPMENT_TEAM = QJ38K4FTCM;
				INFOPLIST_FILE = textfield/Info.plist;
				LD_RUNPATH_SEARCH_PATHS = (
					"$(inherited)",
					"@executable_path/Frameworks",
				);
				PRODUCT_BUNDLE_IDENTIFIER = com.2010.sridhar2516.72;
				PRODUCT_NAME = "$(TARGET_NAME)";
				SWIFT_VERSION = 5.0;
				TARGETED_DEVICE_FAMILY = "1,2";
			};
			name = Debug;
		};
		503AC13925BA8B92008AEC99 /* Release */ = {
			isa = XCBuildConfiguration;
			baseConfigurationReference = 0CBC6785B1B40697B72E2CDD /* Pods-textfield.release.xcconfig */;
			buildSettings = {
				ASSETCATALOG_COMPILER_APPICON_NAME = "AppIcon-1";
				ASSETCATALOG_COMPILER_GLOBAL_ACCENT_COLOR_NAME = AccentColor;
				CODE_SIGN_STYLE = Automatic;
				DEVELOPMENT_TEAM = QJ38K4FTCM;
				INFOPLIST_FILE = textfield/Info.plist;
				LD_RUNPATH_SEARCH_PATHS = (
					"$(inherited)",
					"@executable_path/Frameworks",
				);
				PRODUCT_BUNDLE_IDENTIFIER = com.2010.sridhar2516.72;
				PRODUCT_NAME = "$(TARGET_NAME)";
				SWIFT_VERSION = 5.0;
				TARGETED_DEVICE_FAMILY = "1,2";
			};
			name = Release;
		};
		503AC13B25BA8B92008AEC99 /* Debug */ = {
			isa = XCBuildConfiguration;
			baseConfigurationReference = 8157037BEA08ACB73CE75411 /* Pods-textfieldTests.debug.xcconfig */;
			buildSettings = {
				ALWAYS_EMBED_SWIFT_STANDARD_LIBRARIES = YES;
				BUNDLE_LOADER = "$(TEST_HOST)";
				CODE_SIGN_STYLE = Automatic;
				INFOPLIST_FILE = textfieldTests/Info.plist;
				IPHONEOS_DEPLOYMENT_TARGET = 14.0;
				LD_RUNPATH_SEARCH_PATHS = (
					"$(inherited)",
					"@executable_path/Frameworks",
					"@loader_path/Frameworks",
				);
				PRODUCT_BUNDLE_IDENTIFIER = Brn.textfieldTests;
				PRODUCT_NAME = "$(TARGET_NAME)";
				SWIFT_VERSION = 5.0;
				TARGETED_DEVICE_FAMILY = "1,2";
				TEST_HOST = "$(BUILT_PRODUCTS_DIR)/textfield.app/textfield";
			};
			name = Debug;
		};
		503AC13C25BA8B92008AEC99 /* Release */ = {
			isa = XCBuildConfiguration;
			baseConfigurationReference = 9BCD1F35F4C2271C798133D4 /* Pods-textfieldTests.release.xcconfig */;
			buildSettings = {
				ALWAYS_EMBED_SWIFT_STANDARD_LIBRARIES = YES;
				BUNDLE_LOADER = "$(TEST_HOST)";
				CODE_SIGN_STYLE = Automatic;
				INFOPLIST_FILE = textfieldTests/Info.plist;
				IPHONEOS_DEPLOYMENT_TARGET = 14.0;
				LD_RUNPATH_SEARCH_PATHS = (
					"$(inherited)",
					"@executable_path/Frameworks",
					"@loader_path/Frameworks",
				);
				PRODUCT_BUNDLE_IDENTIFIER = Brn.textfieldTests;
				PRODUCT_NAME = "$(TARGET_NAME)";
				SWIFT_VERSION = 5.0;
				TARGETED_DEVICE_FAMILY = "1,2";
				TEST_HOST = "$(BUILT_PRODUCTS_DIR)/textfield.app/textfield";
			};
			name = Release;
		};
		503AC13E25BA8B92008AEC99 /* Debug */ = {
			isa = XCBuildConfiguration;
			baseConfigurationReference = 4A1E5BC544D3D6CFB295294D /* Pods-textfield-textfieldUITests.debug.xcconfig */;
			buildSettings = {
				ALWAYS_EMBED_SWIFT_STANDARD_LIBRARIES = YES;
				CODE_SIGN_STYLE = Automatic;
				INFOPLIST_FILE = textfieldUITests/Info.plist;
				LD_RUNPATH_SEARCH_PATHS = (
					"$(inherited)",
					"@executable_path/Frameworks",
					"@loader_path/Frameworks",
				);
				PRODUCT_BUNDLE_IDENTIFIER = Brn.textfieldUITests;
				PRODUCT_NAME = "$(TARGET_NAME)";
				SWIFT_VERSION = 5.0;
				TARGETED_DEVICE_FAMILY = "1,2";
				TEST_TARGET_NAME = textfield;
			};
			name = Debug;
		};
		503AC13F25BA8B92008AEC99 /* Release */ = {
			isa = XCBuildConfiguration;
			baseConfigurationReference = 5F54B1517621573237795D8E /* Pods-textfield-textfieldUITests.release.xcconfig */;
			buildSettings = {
				ALWAYS_EMBED_SWIFT_STANDARD_LIBRARIES = YES;
				CODE_SIGN_STYLE = Automatic;
				INFOPLIST_FILE = textfieldUITests/Info.plist;
				LD_RUNPATH_SEARCH_PATHS = (
					"$(inherited)",
					"@executable_path/Frameworks",
					"@loader_path/Frameworks",
				);
				PRODUCT_BUNDLE_IDENTIFIER = Brn.textfieldUITests;
				PRODUCT_NAME = "$(TARGET_NAME)";
				SWIFT_VERSION = 5.0;
				TARGETED_DEVICE_FAMILY = "1,2";
				TEST_TARGET_NAME = textfield;
			};
			name = Release;
		};
/* End XCBuildConfiguration section */

/* Begin XCConfigurationList section */
		503AC10825BA8B90008AEC99 /* Build configuration list for PBXProject "textfield" */ = {
			isa = XCConfigurationList;
			buildConfigurations = (
				503AC13525BA8B92008AEC99 /* Debug */,
				503AC13625BA8B92008AEC99 /* Release */,
			);
			defaultConfigurationIsVisible = 0;
			defaultConfigurationName = Release;
		};
		503AC13725BA8B92008AEC99 /* Build configuration list for PBXNativeTarget "textfield" */ = {
			isa = XCConfigurationList;
			buildConfigurations = (
				503AC13825BA8B92008AEC99 /* Debug */,
				503AC13925BA8B92008AEC99 /* Release */,
			);
			defaultConfigurationIsVisible = 0;
			defaultConfigurationName = Release;
		};
		503AC13A25BA8B92008AEC99 /* Build configuration list for PBXNativeTarget "textfieldTests" */ = {
			isa = XCConfigurationList;
			buildConfigurations = (
				503AC13B25BA8B92008AEC99 /* Debug */,
				503AC13C25BA8B92008AEC99 /* Release */,
			);
			defaultConfigurationIsVisible = 0;
			defaultConfigurationName = Release;
		};
		503AC13D25BA8B92008AEC99 /* Build configuration list for PBXNativeTarget "textfieldUITests" */ = {
			isa = XCConfigurationList;
			buildConfigurations = (
				503AC13E25BA8B92008AEC99 /* Debug */,
				503AC13F25BA8B92008AEC99 /* Release */,
			);
			defaultConfigurationIsVisible = 0;
			defaultConfigurationName = Release;
		};
/* End XCConfigurationList section */
	};
	rootObject = 503AC10525BA8B90008AEC99 /* Project object */;
}
